
Microsoft Visual Studio Solution File, Format Version 12.00
# Visual Studio 2012
Project("{FAE04EC0-301F-11D3-BF4B-00C04F79EFBC}") = "Geckofx-Core", "Geckofx-Core\Geckofx-Core.csproj", "{6AB4EEE6-1889-43AB-83F7-A4F083230BE7}"
EndProject
Project("{FAE04EC0-301F-11D3-BF4B-00C04F79EFBC}") = "GeckoFxTest", "GeckoFxTest\GeckoFxTest.csproj", "{9F904D01-0295-4866-8F11-34482E2E2715}"
EndProject
Project("{FAE04EC0-301F-11D3-BF4B-00C04F79EFBC}") = "GeckofxUnitTests", "GeckofxUnitTests\GeckofxUnitTests.csproj", "{F11A8E22-9540-472A-8D08-8262060A33AD}"
EndProject
Project("{FAE04EC0-301F-11D3-BF4B-00C04F79EFBC}") = "Geckofx-Winforms", "Geckofx-Winforms\Geckofx-Winforms.csproj", "{D7ADC901-E1C4-480E-8F6D-B1FFD5CF87E8}"
EndProject
Project("{FAE04EC0-301F-11D3-BF4B-00C04F79EFBC}") = "Geckofx-Wpf", "Geckofx-Wpf\Geckofx-Wpf.csproj", "{B52FD785-EC50-4767-B085-300D94DE8205}"
EndProject
Project("{FAE04EC0-301F-11D3-BF4B-00C04F79EFBC}") = "GeckoFxWpfTest", "GeckoFxWpfTest\GeckoFxWpfTest.csproj", "{4AD87DD0-900B-407D-AF3F-F466D8E74AAB}"
EndProject
Project("{FAE04EC0-301F-11D3-BF4B-00C04F79EFBC}") = "GeckoDemo.Web", "GeckoDemo.Web\GeckoDemo.Web.csproj", "{1AEB0E10-83B7-4ABC-B4F3-D42E2E888794}"
EndProject
Project("{FAE04EC0-301F-11D3-BF4B-00C04F79EFBC}") = "MobileMarketDemo.Win", "MobileMarketDemo.Win\MobileMarketDemo.Win.csproj", "{EF674105-5135-42CE-BB28-3957AE17C0DF}"
EndProject
Global
	GlobalSection(SolutionConfigurationPlatforms) = preSolution
		Debug_Linux|Any CPU = Debug_Linux|Any CPU
		Debug_Linux|Mixed Platforms = Debug_Linux|Mixed Platforms
		Debug_Linux|x86 = Debug_Linux|x86
		Debug_Windows|Any CPU = Debug_Windows|Any CPU
		Debug_Windows|Mixed Platforms = Debug_Windows|Mixed Platforms
		Debug_Windows|x86 = Debug_Windows|x86
		Debug|Any CPU = Debug|Any CPU
		Debug|Mixed Platforms = Debug|Mixed Platforms
		Debug|x86 = Debug|x86
		Release_Linux|Any CPU = Release_Linux|Any CPU
		Release_Linux|Mixed Platforms = Release_Linux|Mixed Platforms
		Release_Linux|x86 = Release_Linux|x86
		Release_Windows|Any CPU = Release_Windows|Any CPU
		Release_Windows|Mixed Platforms = Release_Windows|Mixed Platforms
		Release_Windows|x86 = Release_Windows|x86
		Release|Any CPU = Release|Any CPU
		Release|Mixed Platforms = Release|Mixed Platforms
		Release|x86 = Release|x86
	EndGlobalSection
	GlobalSection(ProjectConfigurationPlatforms) = postSolution
		{6AB4EEE6-1889-43AB-83F7-A4F083230BE7}.Debug_Linux|Any CPU.ActiveCfg = Debug_Linux|x86
		{6AB4EEE6-1889-43AB-83F7-A4F083230BE7}.Debug_Linux|Any CPU.Build.0 = Debug_Linux|x86
		{6AB4EEE6-1889-43AB-83F7-A4F083230BE7}.Debug_Linux|Mixed Platforms.ActiveCfg = Debug_Linux|x86
		{6AB4EEE6-1889-43AB-83F7-A4F083230BE7}.Debug_Linux|Mixed Platforms.Build.0 = Debug_Linux|x86
		{6AB4EEE6-1889-43AB-83F7-A4F083230BE7}.Debug_Linux|x86.ActiveCfg = Debug_Linux|x86
		{6AB4EEE6-1889-43AB-83F7-A4F083230BE7}.Debug_Linux|x86.Build.0 = Debug_Linux|x86
		{6AB4EEE6-1889-43AB-83F7-A4F083230BE7}.Debug_Windows|Any CPU.ActiveCfg = Debug_Windows|x86
		{6AB4EEE6-1889-43AB-83F7-A4F083230BE7}.Debug_Windows|Any CPU.Build.0 = Debug_Windows|x86
		{6AB4EEE6-1889-43AB-83F7-A4F083230BE7}.Debug_Windows|Mixed Platforms.ActiveCfg = Debug_Windows|x86
		{6AB4EEE6-1889-43AB-83F7-A4F083230BE7}.Debug_Windows|Mixed Platforms.Build.0 = Debug_Windows|x86
		{6AB4EEE6-1889-43AB-83F7-A4F083230BE7}.Debug_Windows|x86.ActiveCfg = Debug_Windows|x86
		{6AB4EEE6-1889-43AB-83F7-A4F083230BE7}.Debug_Windows|x86.Build.0 = Debug_Windows|x86
		{6AB4EEE6-1889-43AB-83F7-A4F083230BE7}.Debug|Any CPU.ActiveCfg = Debug_Windows|x86
		{6AB4EEE6-1889-43AB-83F7-A4F083230BE7}.Debug|Any CPU.Build.0 = Debug_Windows|x86
		{6AB4EEE6-1889-43AB-83F7-A4F083230BE7}.Debug|Mixed Platforms.ActiveCfg = Debug_Windows|x86
		{6AB4EEE6-1889-43AB-83F7-A4F083230BE7}.Debug|Mixed Platforms.Build.0 = Debug_Windows|x86
		{6AB4EEE6-1889-43AB-83F7-A4F083230BE7}.Debug|x86.ActiveCfg = Debug_Windows|x86
		{6AB4EEE6-1889-43AB-83F7-A4F083230BE7}.Debug|x86.Build.0 = Debug_Windows|x86
		{6AB4EEE6-1889-43AB-83F7-A4F083230BE7}.Release_Linux|Any CPU.ActiveCfg = Release_Linux|x86
		{6AB4EEE6-1889-43AB-83F7-A4F083230BE7}.Release_Linux|Mixed Platforms.ActiveCfg = Release_Linux|x86
		{6AB4EEE6-1889-43AB-83F7-A4F083230BE7}.Release_Linux|Mixed Platforms.Build.0 = Release_Linux|x86
		{6AB4EEE6-1889-43AB-83F7-A4F083230BE7}.Release_Linux|x86.ActiveCfg = Release_Linux|x86
		{6AB4EEE6-1889-43AB-83F7-A4F083230BE7}.Release_Linux|x86.Build.0 = Release_Linux|x86
		{6AB4EEE6-1889-43AB-83F7-A4F083230BE7}.Release_Windows|Any CPU.ActiveCfg = Release_Windows|x86
		{6AB4EEE6-1889-43AB-83F7-A4F083230BE7}.Release_Windows|Any CPU.Build.0 = Release_Windows|x86
		{6AB4EEE6-1889-43AB-83F7-A4F083230BE7}.Release_Windows|Mixed Platforms.ActiveCfg = Release_Windows|x86
		{6AB4EEE6-1889-43AB-83F7-A4F083230BE7}.Release_Windows|Mixed Platforms.Build.0 = Release_Windows|x86
		{6AB4EEE6-1889-43AB-83F7-A4F083230BE7}.Release_Windows|x86.ActiveCfg = Release_Windows|x86
		{6AB4EEE6-1889-43AB-83F7-A4F083230BE7}.Release_Windows|x86.Build.0 = Release_Windows|x86
		{6AB4EEE6-1889-43AB-83F7-A4F083230BE7}.Release|Any CPU.ActiveCfg = Release_Linux|x86
		{6AB4EEE6-1889-43AB-83F7-A4F083230BE7}.Release|Mixed Platforms.ActiveCfg = Release_Linux|x86
		{6AB4EEE6-1889-43AB-83F7-A4F083230BE7}.Release|Mixed Platforms.Build.0 = Release_Linux|x86
		{6AB4EEE6-1889-43AB-83F7-A4F083230BE7}.Release|x86.ActiveCfg = Release_Linux|x86
		{6AB4EEE6-1889-43AB-83F7-A4F083230BE7}.Release|x86.Build.0 = Release_Linux|x86
		{9F904D01-0295-4866-8F11-34482E2E2715}.Debug_Linux|Any CPU.ActiveCfg = Debug_Linux|x86
		{9F904D01-0295-4866-8F11-34482E2E2715}.Debug_Linux|Any CPU.Build.0 = Debug_Linux|x86
		{9F904D01-0295-4866-8F11-34482E2E2715}.Debug_Linux|Mixed Platforms.ActiveCfg = Debug_Linux|x86
		{9F904D01-0295-4866-8F11-34482E2E2715}.Debug_Linux|Mixed Platforms.Build.0 = Debug_Linux|x86
		{9F904D01-0295-4866-8F11-34482E2E2715}.Debug_Linux|x86.ActiveCfg = Debug_Linux|x86
		{9F904D01-0295-4866-8F11-34482E2E2715}.Debug_Linux|x86.Build.0 = Debug_Linux|x86
		{9F904D01-0295-4866-8F11-34482E2E2715}.Debug_Windows|Any CPU.ActiveCfg = Debug_Windows|x86
		{9F904D01-0295-4866-8F11-34482E2E2715}.Debug_Windows|Any CPU.Build.0 = Debug_Windows|x86
		{9F904D01-0295-4866-8F11-34482E2E2715}.Debug_Windows|Mixed Platforms.ActiveCfg = Debug_Windows|x86
		{9F904D01-0295-4866-8F11-34482E2E2715}.Debug_Windows|Mixed Platforms.Build.0 = Debug_Windows|x86
		{9F904D01-0295-4866-8F11-34482E2E2715}.Debug_Windows|x86.ActiveCfg = Debug_Windows|x86
		{9F904D01-0295-4866-8F11-34482E2E2715}.Debug_Windows|x86.Build.0 = Debug_Windows|x86
		{9F904D01-0295-4866-8F11-34482E2E2715}.Debug|Any CPU.ActiveCfg = Debug|x86
		{9F904D01-0295-4866-8F11-34482E2E2715}.Debug|Any CPU.Build.0 = Debug|x86
		{9F904D01-0295-4866-8F11-34482E2E2715}.Debug|Mixed Platforms.ActiveCfg = Debug|x86
		{9F904D01-0295-4866-8F11-34482E2E2715}.Debug|Mixed Platforms.Build.0 = Debug|x86
		{9F904D01-0295-4866-8F11-34482E2E2715}.Debug|x86.ActiveCfg = Debug|x86
		{9F904D01-0295-4866-8F11-34482E2E2715}.Debug|x86.Build.0 = Debug|x86
		{9F904D01-0295-4866-8F11-34482E2E2715}.Release_Linux|Any CPU.ActiveCfg = Release_Linux|x86
		{9F904D01-0295-4866-8F11-34482E2E2715}.Release_Linux|Mixed Platforms.ActiveCfg = Release_Linux|x86
		{9F904D01-0295-4866-8F11-34482E2E2715}.Release_Linux|Mixed Platforms.Build.0 = Release_Linux|x86
		{9F904D01-0295-4866-8F11-34482E2E2715}.Release_Linux|x86.ActiveCfg = Release_Linux|x86
		{9F904D01-0295-4866-8F11-34482E2E2715}.Release_Linux|x86.Build.0 = Release_Linux|x86
		{9F904D01-0295-4866-8F11-34482E2E2715}.Release_Windows|Any CPU.ActiveCfg = Release_Windows|x86
		{9F904D01-0295-4866-8F11-34482E2E2715}.Release_Windows|Any CPU.Build.0 = Release_Windows|x86
		{9F904D01-0295-4866-8F11-34482E2E2715}.Release_Windows|Mixed Platforms.ActiveCfg = Release_Windows|x86
		{9F904D01-0295-4866-8F11-34482E2E2715}.Release_Windows|Mixed Platforms.Build.0 = Release_Windows|x86
		{9F904D01-0295-4866-8F11-34482E2E2715}.Release_Windows|x86.ActiveCfg = Release_Windows|x86
		{9F904D01-0295-4866-8F11-34482E2E2715}.Release_Windows|x86.Build.0 = Release_Windows|x86
		{9F904D01-0295-4866-8F11-34482E2E2715}.Release|Any CPU.ActiveCfg = Release|x86
		{9F904D01-0295-4866-8F11-34482E2E2715}.Release|Mixed Platforms.ActiveCfg = Release|x86
		{9F904D01-0295-4866-8F11-34482E2E2715}.Release|Mixed Platforms.Build.0 = Release|x86
		{9F904D01-0295-4866-8F11-34482E2E2715}.Release|x86.ActiveCfg = Release|x86
		{9F904D01-0295-4866-8F11-34482E2E2715}.Release|x86.Build.0 = Release|x86
		{F11A8E22-9540-472A-8D08-8262060A33AD}.Debug_Linux|Any CPU.ActiveCfg = Debug|x86
		{F11A8E22-9540-472A-8D08-8262060A33AD}.Debug_Linux|Any CPU.Build.0 = Debug|x86
		{F11A8E22-9540-472A-8D08-8262060A33AD}.Debug_Linux|Mixed Platforms.ActiveCfg = Debug|x86
		{F11A8E22-9540-472A-8D08-8262060A33AD}.Debug_Linux|Mixed Platforms.Build.0 = Debug|x86
		{F11A8E22-9540-472A-8D08-8262060A33AD}.Debug_Linux|x86.ActiveCfg = Debug|x86
		{F11A8E22-9540-472A-8D08-8262060A33AD}.Debug_Linux|x86.Build.0 = Debug|x86
		{F11A8E22-9540-472A-8D08-8262060A33AD}.Debug_Windows|Any CPU.ActiveCfg = Debug|x86
		{F11A8E22-9540-472A-8D08-8262060A33AD}.Debug_Windows|Any CPU.Build.0 = Debug|x86
		{F11A8E22-9540-472A-8D08-8262060A33AD}.Debug_Windows|Mixed Platforms.ActiveCfg = Debug|x86
		{F11A8E22-9540-472A-8D08-8262060A33AD}.Debug_Windows|Mixed Platforms.Build.0 = Debug|x86
		{F11A8E22-9540-472A-8D08-8262060A33AD}.Debug_Windows|x86.ActiveCfg = Debug|x86
		{F11A8E22-9540-472A-8D08-8262060A33AD}.Debug_Windows|x86.Build.0 = Debug|x86
		{F11A8E22-9540-472A-8D08-8262060A33AD}.Debug|Any CPU.ActiveCfg = Debug|x86
		{F11A8E22-9540-472A-8D08-8262060A33AD}.Debug|Any CPU.Build.0 = Debug|x86
		{F11A8E22-9540-472A-8D08-8262060A33AD}.Debug|Mixed Platforms.ActiveCfg = Debug|x86
		{F11A8E22-9540-472A-8D08-8262060A33AD}.Debug|Mixed Platforms.Build.0 = Debug|x86
		{F11A8E22-9540-472A-8D08-8262060A33AD}.Debug|x86.ActiveCfg = Debug|x86
		{F11A8E22-9540-472A-8D08-8262060A33AD}.Debug|x86.Build.0 = Debug|x86
		{F11A8E22-9540-472A-8D08-8262060A33AD}.Release_Linux|Any CPU.ActiveCfg = Release|x86
		{F11A8E22-9540-472A-8D08-8262060A33AD}.Release_Linux|Mixed Platforms.ActiveCfg = Release|x86
		{F11A8E22-9540-472A-8D08-8262060A33AD}.Release_Linux|Mixed Platforms.Build.0 = Release|x86
		{F11A8E22-9540-472A-8D08-8262060A33AD}.Release_Linux|x86.ActiveCfg = Release|x86
		{F11A8E22-9540-472A-8D08-8262060A33AD}.Release_Linux|x86.Build.0 = Release|x86
		{F11A8E22-9540-472A-8D08-8262060A33AD}.Release_Windows|Any CPU.ActiveCfg = Release|x86
		{F11A8E22-9540-472A-8D08-8262060A33AD}.Release_Windows|Mixed Platforms.ActiveCfg = Release|x86
		{F11A8E22-9540-472A-8D08-8262060A33AD}.Release_Windows|Mixed Platforms.Build.0 = Release|x86
		{F11A8E22-9540-472A-8D08-8262060A33AD}.Release_Windows|x86.ActiveCfg = Release|x86
		{F11A8E22-9540-472A-8D08-8262060A33AD}.Release_Windows|x86.Build.0 = Release|x86
		{F11A8E22-9540-472A-8D08-8262060A33AD}.Release|Any CPU.ActiveCfg = Release|x86
		{F11A8E22-9540-472A-8D08-8262060A33AD}.Release|Mixed Platforms.ActiveCfg = Release|x86
		{F11A8E22-9540-472A-8D08-8262060A33AD}.Release|Mixed Platforms.Build.0 = Release|x86
		{F11A8E22-9540-472A-8D08-8262060A33AD}.Release|x86.ActiveCfg = Release|x86
		{F11A8E22-9540-472A-8D08-8262060A33AD}.Release|x86.Build.0 = Release|x86
		{D7ADC901-E1C4-480E-8F6D-B1FFD5CF87E8}.Debug_Linux|Any CPU.ActiveCfg = Debug_Linux|x86
		{D7ADC901-E1C4-480E-8F6D-B1FFD5CF87E8}.Debug_Linux|Any CPU.Build.0 = Debug_Linux|x86
		{D7ADC901-E1C4-480E-8F6D-B1FFD5CF87E8}.Debug_Linux|Mixed Platforms.ActiveCfg = Debug_Linux|Any CPU
		{D7ADC901-E1C4-480E-8F6D-B1FFD5CF87E8}.Debug_Linux|Mixed Platforms.Build.0 = Debug_Linux|Any CPU
		{D7ADC901-E1C4-480E-8F6D-B1FFD5CF87E8}.Debug_Linux|x86.ActiveCfg = Debug_Linux|x86
		{D7ADC901-E1C4-480E-8F6D-B1FFD5CF87E8}.Debug_Linux|x86.Build.0 = Debug_Linux|x86
		{D7ADC901-E1C4-480E-8F6D-B1FFD5CF87E8}.Debug_Windows|Any CPU.ActiveCfg = Debug|Any CPU
		{D7ADC901-E1C4-480E-8F6D-B1FFD5CF87E8}.Debug_Windows|Any CPU.Build.0 = Debug|Any CPU
		{D7ADC901-E1C4-480E-8F6D-B1FFD5CF87E8}.Debug_Windows|Mixed Platforms.ActiveCfg = Debug|Any CPU
		{D7ADC901-E1C4-480E-8F6D-B1FFD5CF87E8}.Debug_Windows|Mixed Platforms.Build.0 = Debug|Any CPU
		{D7ADC901-E1C4-480E-8F6D-B1FFD5CF87E8}.Debug_Windows|x86.ActiveCfg = Debug|x86
		{D7ADC901-E1C4-480E-8F6D-B1FFD5CF87E8}.Debug_Windows|x86.Build.0 = Debug|x86
		{D7ADC901-E1C4-480E-8F6D-B1FFD5CF87E8}.Debug|Any CPU.ActiveCfg = Debug|Any CPU
		{D7ADC901-E1C4-480E-8F6D-B1FFD5CF87E8}.Debug|Any CPU.Build.0 = Debug|Any CPU
		{D7ADC901-E1C4-480E-8F6D-B1FFD5CF87E8}.Debug|Mixed Platforms.ActiveCfg = Debug|Any CPU
		{D7ADC901-E1C4-480E-8F6D-B1FFD5CF87E8}.Debug|Mixed Platforms.Build.0 = Debug|Any CPU
		{D7ADC901-E1C4-480E-8F6D-B1FFD5CF87E8}.Debug|x86.ActiveCfg = Debug|x86
		{D7ADC901-E1C4-480E-8F6D-B1FFD5CF87E8}.Debug|x86.Build.0 = Debug|x86
		{D7ADC901-E1C4-480E-8F6D-B1FFD5CF87E8}.Release_Linux|Any CPU.ActiveCfg = Debug|Any CPU
		{D7ADC901-E1C4-480E-8F6D-B1FFD5CF87E8}.Release_Linux|Any CPU.Build.0 = Debug|Any CPU
		{D7ADC901-E1C4-480E-8F6D-B1FFD5CF87E8}.Release_Linux|Mixed Platforms.ActiveCfg = Debug|Any CPU
		{D7ADC901-E1C4-480E-8F6D-B1FFD5CF87E8}.Release_Linux|Mixed Platforms.Build.0 = Debug|Any CPU
		{D7ADC901-E1C4-480E-8F6D-B1FFD5CF87E8}.Release_Linux|x86.ActiveCfg = Debug|x86
		{D7ADC901-E1C4-480E-8F6D-B1FFD5CF87E8}.Release_Linux|x86.Build.0 = Debug|x86
		{D7ADC901-E1C4-480E-8F6D-B1FFD5CF87E8}.Release_Windows|Any CPU.ActiveCfg = Debug|Any CPU
		{D7ADC901-E1C4-480E-8F6D-B1FFD5CF87E8}.Release_Windows|Any CPU.Build.0 = Debug|Any CPU
		{D7ADC901-E1C4-480E-8F6D-B1FFD5CF87E8}.Release_Windows|Mixed Platforms.ActiveCfg = Debug|Any CPU
		{D7ADC901-E1C4-480E-8F6D-B1FFD5CF87E8}.Release_Windows|Mixed Platforms.Build.0 = Debug|Any CPU
		{D7ADC901-E1C4-480E-8F6D-B1FFD5CF87E8}.Release_Windows|x86.ActiveCfg = Debug|x86
		{D7ADC901-E1C4-480E-8F6D-B1FFD5CF87E8}.Release_Windows|x86.Build.0 = Debug|x86
		{D7ADC901-E1C4-480E-8F6D-B1FFD5CF87E8}.Release|Any CPU.ActiveCfg = Release|Any CPU
		{D7ADC901-E1C4-480E-8F6D-B1FFD5CF87E8}.Release|Any CPU.Build.0 = Release|Any CPU
		{D7ADC901-E1C4-480E-8F6D-B1FFD5CF87E8}.Release|Mixed Platforms.ActiveCfg = Release|Any CPU
		{D7ADC901-E1C4-480E-8F6D-B1FFD5CF87E8}.Release|Mixed Platforms.Build.0 = Release|Any CPU
		{D7ADC901-E1C4-480E-8F6D-B1FFD5CF87E8}.Release|x86.ActiveCfg = Release|x86
		{D7ADC901-E1C4-480E-8F6D-B1FFD5CF87E8}.Release|x86.Build.0 = Release|x86
		{B52FD785-EC50-4767-B085-300D94DE8205}.Debug_Linux|Any CPU.ActiveCfg = Debug|Any CPU
		{B52FD785-EC50-4767-B085-300D94DE8205}.Debug_Linux|Any CPU.Build.0 = Debug|Any CPU
		{B52FD785-EC50-4767-B085-300D94DE8205}.Debug_Linux|Mixed Platforms.ActiveCfg = Debug|Any CPU
		{B52FD785-EC50-4767-B085-300D94DE8205}.Debug_Linux|Mixed Platforms.Build.0 = Debug|Any CPU
		{B52FD785-EC50-4767-B085-300D94DE8205}.Debug_Linux|x86.ActiveCfg = Debug|Any CPU
		{B52FD785-EC50-4767-B085-300D94DE8205}.Debug_Windows|Any CPU.ActiveCfg = Debug|Any CPU
		{B52FD785-EC50-4767-B085-300D94DE8205}.Debug_Windows|Any CPU.Build.0 = Debug|Any CPU
		{B52FD785-EC50-4767-B085-300D94DE8205}.Debug_Windows|Mixed Platforms.ActiveCfg = Debug|Any CPU
		{B52FD785-EC50-4767-B085-300D94DE8205}.Debug_Windows|Mixed Platforms.Build.0 = Debug|Any CPU
		{B52FD785-EC50-4767-B085-300D94DE8205}.Debug_Windows|x86.ActiveCfg = Debug|Any CPU
		{B52FD785-EC50-4767-B085-300D94DE8205}.Debug|Any CPU.ActiveCfg = Debug|Any CPU
		{B52FD785-EC50-4767-B085-300D94DE8205}.Debug|Any CPU.Build.0 = Debug|Any CPU
		{B52FD785-EC50-4767-B085-300D94DE8205}.Debug|Mixed Platforms.ActiveCfg = Debug|Any CPU
		{B52FD785-EC50-4767-B085-300D94DE8205}.Debug|Mixed Platforms.Build.0 = Debug|Any CPU
		{B52FD785-EC50-4767-B085-300D94DE8205}.Debug|x86.ActiveCfg = Debug|Any CPU
		{B52FD785-EC50-4767-B085-300D94DE8205}.Release_Linux|Any CPU.ActiveCfg = Release|Any CPU
		{B52FD785-EC50-4767-B085-300D94DE8205}.Release_Linux|Any CPU.Build.0 = Release|Any CPU
		{B52FD785-EC50-4767-B085-300D94DE8205}.Release_Linux|Mixed Platforms.ActiveCfg = Release|Any CPU
		{B52FD785-EC50-4767-B085-300D94DE8205}.Release_Linux|Mixed Platforms.Build.0 = Release|Any CPU
		{B52FD785-EC50-4767-B085-300D94DE8205}.Release_Linux|x86.ActiveCfg = Release|Any CPU
		{B52FD785-EC50-4767-B085-300D94DE8205}.Release_Windows|Any CPU.ActiveCfg = Release|Any CPU
		{B52FD785-EC50-4767-B085-300D94DE8205}.Release_Windows|Any CPU.Build.0 = Release|Any CPU
		{B52FD785-EC50-4767-B085-300D94DE8205}.Release_Windows|Mixed Platforms.ActiveCfg = Release|Any CPU
		{B52FD785-EC50-4767-B085-300D94DE8205}.Release_Windows|Mixed Platforms.Build.0 = Release|Any CPU
		{B52FD785-EC50-4767-B085-300D94DE8205}.Release_Windows|x86.ActiveCfg = Release|Any CPU
		{B52FD785-EC50-4767-B085-300D94DE8205}.Release|Any CPU.ActiveCfg = Release|Any CPU
		{B52FD785-EC50-4767-B085-300D94DE8205}.Release|Any CPU.Build.0 = Release|Any CPU
		{B52FD785-EC50-4767-B085-300D94DE8205}.Release|Mixed Platforms.ActiveCfg = Release|Any CPU
		{B52FD785-EC50-4767-B085-300D94DE8205}.Release|Mixed Platforms.Build.0 = Release|Any CPU
		{B52FD785-EC50-4767-B085-300D94DE8205}.Release|x86.ActiveCfg = Release|Any CPU
		{4AD87DD0-900B-407D-AF3F-F466D8E74AAB}.Debug_Linux|Any CPU.ActiveCfg = Debug|x86
		{4AD87DD0-900B-407D-AF3F-F466D8E74AAB}.Debug_Linux|Mixed Platforms.ActiveCfg = Debug|x86
		{4AD87DD0-900B-407D-AF3F-F466D8E74AAB}.Debug_Linux|Mixed Platforms.Build.0 = Debug|x86
		{4AD87DD0-900B-407D-AF3F-F466D8E74AAB}.Debug_Linux|x86.ActiveCfg = Debug|x86
		{4AD87DD0-900B-407D-AF3F-F466D8E74AAB}.Debug_Linux|x86.Build.0 = Debug|x86
		{4AD87DD0-900B-407D-AF3F-F466D8E74AAB}.Debug_Windows|Any CPU.ActiveCfg = Debug|x86
		{4AD87DD0-900B-407D-AF3F-F466D8E74AAB}.Debug_Windows|Mixed Platforms.ActiveCfg = Debug|x86
		{4AD87DD0-900B-407D-AF3F-F466D8E74AAB}.Debug_Windows|Mixed Platforms.Build.0 = Debug|x86
		{4AD87DD0-900B-407D-AF3F-F466D8E74AAB}.Debug_Windows|x86.ActiveCfg = Debug|x86
		{4AD87DD0-900B-407D-AF3F-F466D8E74AAB}.Debug_Windows|x86.Build.0 = Debug|x86
		{4AD87DD0-900B-407D-AF3F-F466D8E74AAB}.Debug|Any CPU.ActiveCfg = Debug|x86
		{4AD87DD0-900B-407D-AF3F-F466D8E74AAB}.Debug|Mixed Platforms.ActiveCfg = Debug|x86
		{4AD87DD0-900B-407D-AF3F-F466D8E74AAB}.Debug|Mixed Platforms.Build.0 = Debug|x86
		{4AD87DD0-900B-407D-AF3F-F466D8E74AAB}.Debug|x86.ActiveCfg = Debug|x86
		{4AD87DD0-900B-407D-AF3F-F466D8E74AAB}.Debug|x86.Build.0 = Debug|x86
		{4AD87DD0-900B-407D-AF3F-F466D8E74AAB}.Release_Linux|Any CPU.ActiveCfg = Release|x86
		{4AD87DD0-900B-407D-AF3F-F466D8E74AAB}.Release_Linux|Mixed Platforms.ActiveCfg = Release|x86
		{4AD87DD0-900B-407D-AF3F-F466D8E74AAB}.Release_Linux|Mixed Platforms.Build.0 = Release|x86
		{4AD87DD0-900B-407D-AF3F-F466D8E74AAB}.Release_Linux|x86.ActiveCfg = Release|x86
		{4AD87DD0-900B-407D-AF3F-F466D8E74AAB}.Release_Linux|x86.Build.0 = Release|x86
		{4AD87DD0-900B-407D-AF3F-F466D8E74AAB}.Release_Windows|Any CPU.ActiveCfg = Release|x86
		{4AD87DD0-900B-407D-AF3F-F466D8E74AAB}.Release_Windows|Mixed Platforms.ActiveCfg = Release|x86
		{4AD87DD0-900B-407D-AF3F-F466D8E74AAB}.Release_Windows|Mixed Platforms.Build.0 = Release|x86
		{4AD87DD0-900B-407D-AF3F-F466D8E74AAB}.Release_Windows|x86.ActiveCfg = Release|x86
		{4AD87DD0-900B-407D-AF3F-F466D8E74AAB}.Release_Windows|x86.Build.0 = Release|x86
		{4AD87DD0-900B-407D-AF3F-F466D8E74AAB}.Release|Any CPU.ActiveCfg = Release|x86
		{4AD87DD0-900B-407D-AF3F-F466D8E74AAB}.Release|Mixed Platforms.ActiveCfg = Release|x86
		{4AD87DD0-900B-407D-AF3F-F466D8E74AAB}.Release|Mixed Platforms.Build.0 = Release|x86
		{4AD87DD0-900B-407D-AF3F-F466D8E74AAB}.Release|x86.ActiveCfg = Release|x86
		{4AD87DD0-900B-407D-AF3F-F466D8E74AAB}.Release|x86.Build.0 = Release|x86
		{1AEB0E10-83B7-4ABC-B4F3-D42E2E888794}.Debug_Linux|Any CPU.ActiveCfg = Debug|Any CPU
		{1AEB0E10-83B7-4ABC-B4F3-D42E2E888794}.Debug_Linux|Any CPU.Build.0 = Debug|Any CPU
		{1AEB0E10-83B7-4ABC-B4F3-D42E2E888794}.Debug_Linux|Mixed Platforms.ActiveCfg = Debug|Any CPU
		{1AEB0E10-83B7-4ABC-B4F3-D42E2E888794}.Debug_Linux|Mixed Platforms.Build.0 = Debug|Any CPU
		{1AEB0E10-83B7-4ABC-B4F3-D42E2E888794}.Debug_Linux|x86.ActiveCfg = Debug|Any CPU
		{1AEB0E10-83B7-4ABC-B4F3-D42E2E888794}.Debug_Windows|Any CPU.ActiveCfg = Debug|Any CPU
		{1AEB0E10-83B7-4ABC-B4F3-D42E2E888794}.Debug_Windows|Any CPU.Build.0 = Debug|Any CPU
		{1AEB0E10-83B7-4ABC-B4F3-D42E2E888794}.Debug_Windows|Mixed Platforms.ActiveCfg = Debug|Any CPU
		{1AEB0E10-83B7-4ABC-B4F3-D42E2E888794}.Debug_Windows|Mixed Platforms.Build.0 = Debug|Any CPU
		{1AEB0E10-83B7-4ABC-B4F3-D42E2E888794}.Debug_Windows|x86.ActiveCfg = Debug|Any CPU
		{1AEB0E10-83B7-4ABC-B4F3-D42E2E888794}.Debug|Any CPU.ActiveCfg = Debug|Any CPU
		{1AEB0E10-83B7-4ABC-B4F3-D42E2E888794}.Debug|Any CPU.Build.0 = Debug|Any CPU
		{1AEB0E10-83B7-4ABC-B4F3-D42E2E888794}.Debug|Mixed Platforms.ActiveCfg = Debug|Any CPU
		{1AEB0E10-83B7-4ABC-B4F3-D42E2E888794}.Debug|Mixed Platforms.Build.0 = Debug|Any CPU
		{1AEB0E10-83B7-4ABC-B4F3-D42E2E888794}.Debug|x86.ActiveCfg = Debug|Any CPU
		{1AEB0E10-83B7-4ABC-B4F3-D42E2E888794}.Release_Linux|Any CPU.ActiveCfg = Release|Any CPU
		{1AEB0E10-83B7-4ABC-B4F3-D42E2E888794}.Release_Linux|Any CPU.Build.0 = Release|Any CPU
		{1AEB0E10-83B7-4ABC-B4F3-D42E2E888794}.Release_Linux|Mixed Platforms.ActiveCfg = Release|Any CPU
		{1AEB0E10-83B7-4ABC-B4F3-D42E2E888794}.Release_Linux|Mixed Platforms.Build.0 = Release|Any CPU
		{1AEB0E10-83B7-4ABC-B4F3-D42E2E888794}.Release_Linux|x86.ActiveCfg = Release|Any CPU
		{1AEB0E10-83B7-4ABC-B4F3-D42E2E888794}.Release_Windows|Any CPU.ActiveCfg = Release|Any CPU
		{1AEB0E10-83B7-4ABC-B4F3-D42E2E888794}.Release_Windows|Any CPU.Build.0 = Release|Any CPU
		{1AEB0E10-83B7-4ABC-B4F3-D42E2E888794}.Release_Windows|Mixed Platforms.ActiveCfg = Release|Any CPU
		{1AEB0E10-83B7-4ABC-B4F3-D42E2E888794}.Release_Windows|Mixed Platforms.Build.0 = Release|Any CPU
		{1AEB0E10-83B7-4ABC-B4F3-D42E2E888794}.Release_Windows|x86.ActiveCfg = Release|Any CPU
		{1AEB0E10-83B7-4ABC-B4F3-D42E2E888794}.Release|Any CPU.ActiveCfg = Release|Any CPU
		{1AEB0E10-83B7-4ABC-B4F3-D42E2E888794}.Release|Any CPU.Build.0 = Release|Any CPU
		{1AEB0E10-83B7-4ABC-B4F3-D42E2E888794}.Release|Mixed Platforms.ActiveCfg = Release|Any CPU
		{1AEB0E10-83B7-4ABC-B4F3-D42E2E888794}.Release|Mixed Platforms.Build.0 = Release|Any CPU
		{1AEB0E10-83B7-4ABC-B4F3-D42E2E888794}.Release|x86.ActiveCfg = Release|Any CPU
		{EF674105-5135-42CE-BB28-3957AE17C0DF}.Debug_Linux|Any CPU.ActiveCfg = Debug|Any CPU
		{EF674105-5135-42CE-BB28-3957AE17C0DF}.Debug_Linux|Any CPU.Build.0 = Debug|Any CPU
		{EF674105-5135-42CE-BB28-3957AE17C0DF}.Debug_Linux|Mixed Platforms.ActiveCfg = Debug|Any CPU
		{EF674105-5135-42CE-BB28-3957AE17C0DF}.Debug_Linux|Mixed Platforms.Build.0 = Debug|Any CPU
		{EF674105-5135-42CE-BB28-3957AE17C0DF}.Debug_Linux|x86.ActiveCfg = Debug|Any CPU
		{EF674105-5135-42CE-BB28-3957AE17C0DF}.Debug_Windows|Any CPU.ActiveCfg = Debug|Any CPU
		{EF674105-5135-42CE-BB28-3957AE17C0DF}.Debug_Windows|Any CPU.Build.0 = Debug|Any CPU
		{EF674105-5135-42CE-BB28-3957AE17C0DF}.Debug_Windows|Mixed Platforms.ActiveCfg = Debug|Any CPU
		{EF674105-5135-42CE-BB28-3957AE17C0DF}.Debug_Windows|Mixed Platforms.Build.0 = Debug|Any CPU
		{EF674105-5135-42CE-BB28-3957AE17C0DF}.Debug_Windows|x86.ActiveCfg = Debug|Any CPU
		{EF674105-5135-42CE-BB28-3957AE17C0DF}.Debug|Any CPU.ActiveCfg = Debug|Any CPU
		{EF674105-5135-42CE-BB28-3957AE17C0DF}.Debug|Any CPU.Build.0 = Debug|Any CPU
		{EF674105-5135-42CE-BB28-3957AE17C0DF}.Debug|Mixed Platforms.ActiveCfg = Debug|Any CPU
		{EF674105-5135-42CE-BB28-3957AE17C0DF}.Debug|Mixed Platforms.Build.0 = Debug|Any CPU
		{EF674105-5135-42CE-BB28-3957AE17C0DF}.Debug|x86.ActiveCfg = Debug|Any CPU
		{EF674105-5135-42CE-BB28-3957AE17C0DF}.Release_Linux|Any CPU.ActiveCfg = Release|Any CPU
		{EF674105-5135-42CE-BB28-3957AE17C0DF}.Release_Linux|Any CPU.Build.0 = Release|Any CPU
		{EF674105-5135-42CE-BB28-3957AE17C0DF}.Release_Linux|Mixed Platforms.ActiveCfg = Release|Any CPU
		{EF674105-5135-42CE-BB28-3957AE17C0DF}.Release_Linux|Mixed Platforms.Build.0 = Release|Any CPU
		{EF674105-5135-42CE-BB28-3957AE17C0DF}.Release_Linux|x86.ActiveCfg = Release|Any CPU
		{EF674105-5135-42CE-BB28-3957AE17C0DF}.Release_Windows|Any CPU.ActiveCfg = Release|Any CPU
		{EF674105-5135-42CE-BB28-3957AE17C0DF}.Release_Windows|Any CPU.Build.0 = Release|Any CPU
		{EF674105-5135-42CE-BB28-3957AE17C0DF}.Release_Windows|Mixed Platforms.ActiveCfg = Release|Any CPU
		{EF674105-5135-42CE-BB28-3957AE17C0DF}.Release_Windows|Mixed Platforms.Build.0 = Release|Any CPU
		{EF674105-5135-42CE-BB28-3957AE17C0DF}.Release_Windows|x86.ActiveCfg = Release|Any CPU
		{EF674105-5135-42CE-BB28-3957AE17C0DF}.Release|Any CPU.ActiveCfg = Release|Any CPU
		{EF674105-5135-42CE-BB28-3957AE17C0DF}.Release|Any CPU.Build.0 = Release|Any CPU
		{EF674105-5135-42CE-BB28-3957AE17C0DF}.Release|Mixed Platforms.ActiveCfg = Release|Any CPU
		{EF674105-5135-42CE-BB28-3957AE17C0DF}.Release|Mixed Platforms.Build.0 = Release|Any CPU
		{EF674105-5135-42CE-BB28-3957AE17C0DF}.Release|x86.ActiveCfg = Release|Any CPU
	EndGlobalSection
	GlobalSection(SolutionProperties) = preSolution
		HideSolutionNode = FALSE
	EndGlobalSection
	GlobalSection(MonoDevelopProperties) = preSolution
		StartupItem = GeckoFxTest\GeckoFxTest.csproj
	EndGlobalSection
EndGlobal
