
Microsoft Visual Studio Solution File, Format Version 12.00
# Visual Studio 2012
Project("{FAE04EC0-301F-11D3-BF4B-00C04F79EFBC}") = "Aspirecn.Entities", "Aspirecn.Entities\Aspirecn.Entities.csproj", "{C4C6C866-B345-456B-BD70-7356252937FD}"
EndProject
Project("{FAE04EC0-301F-11D3-BF4B-00C04F79EFBC}") = "TestConsoleApplication1", "TestConsoleApplication1\TestConsoleApplication1.csproj", "{5EC83EE5-D161-47ED-A54B-11B5F2BC1C44}"
EndProject
Project("{FAE04EC0-301F-11D3-BF4B-00C04F79EFBC}") = "WebApplication2", "WebApplication2\WebApplication2.csproj", "{6A905F5C-D358-4EDA-BBFE-01946255BFB6}"
EndProject
Global
	GlobalSection(SolutionConfigurationPlatforms) = preSolution
		Debug|Any CPU = Debug|Any CPU
		Release|Any CPU = Release|Any CPU
	EndGlobalSection
	GlobalSection(ProjectConfigurationPlatforms) = postSolution
		{C4C6C866-B345-456B-BD70-7356252937FD}.Debug|Any CPU.ActiveCfg = Debug|Any CPU
		{C4C6C866-B345-456B-BD70-7356252937FD}.Debug|Any CPU.Build.0 = Debug|Any CPU
		{C4C6C866-B345-456B-BD70-7356252937FD}.Release|Any CPU.ActiveCfg = Release|Any CPU
		{C4C6C866-B345-456B-BD70-7356252937FD}.Release|Any CPU.Build.0 = Release|Any CPU
		{5EC83EE5-D161-47ED-A54B-11B5F2BC1C44}.Debug|Any CPU.ActiveCfg = Debug|Any CPU
		{5EC83EE5-D161-47ED-A54B-11B5F2BC1C44}.Debug|Any CPU.Build.0 = Debug|Any CPU
		{5EC83EE5-D161-47ED-A54B-11B5F2BC1C44}.Release|Any CPU.ActiveCfg = Release|Any CPU
		{5EC83EE5-D161-47ED-A54B-11B5F2BC1C44}.Release|Any CPU.Build.0 = Release|Any CPU
		{6A905F5C-D358-4EDA-BBFE-01946255BFB6}.Debug|Any CPU.ActiveCfg = Debug|Any CPU
		{6A905F5C-D358-4EDA-BBFE-01946255BFB6}.Debug|Any CPU.Build.0 = Debug|Any CPU
		{6A905F5C-D358-4EDA-BBFE-01946255BFB6}.Release|Any CPU.ActiveCfg = Release|Any CPU
		{6A905F5C-D358-4EDA-BBFE-01946255BFB6}.Release|Any CPU.Build.0 = Release|Any CPU
	EndGlobalSection
	GlobalSection(SolutionProperties) = preSolution
		HideSolutionNode = FALSE
	EndGlobalSection
EndGlobal
